// !$*UTF8*$!
{
	archiveVersion = 1;
	classes = {
	};
	objectVersion = 55;
	objects = {

/* Begin PBXBuildFile section */
		6D96B7F52829E85300FAAA2F /* AppDelegate.swift in Sources */ = {isa = PBXBuildFile; fileRef = 6D96B7F42829E85300FAAA2F /* AppDelegate.swift */; };
		6D96B7F72829E85300FAAA2F /* SceneDelegate.swift in Sources */ = {isa = PBXBuildFile; fileRef = 6D96B7F62829E85300FAAA2F /* SceneDelegate.swift */; };
		6D96B7F92829E85300FAAA2F /* SomaViewController.swift in Sources */ = {isa = PBXBuildFile; fileRef = 6D96B7F82829E85300FAAA2F /* SomaViewController.swift */; };
		6D96B7FC2829E85300FAAA2F /* Main.storyboard in Resources */ = {isa = PBXBuildFile; fileRef = 6D96B7FA2829E85300FAAA2F /* Main.storyboard */; };
		6D96B7FE2829E85600FAAA2F /* Assets.xcassets in Resources */ = {isa = PBXBuildFile; fileRef = 6D96B7FD2829E85600FAAA2F /* Assets.xcassets */; };
		6D96B8012829E85600FAAA2F /* LaunchScreen.storyboard in Resources */ = {isa = PBXBuildFile; fileRef = 6D96B7FF2829E85600FAAA2F /* LaunchScreen.storyboard */; };
		6D96B80C2829E85600FAAA2F /* DesafioTabbar1Tests.swift in Sources */ = {isa = PBXBuildFile; fileRef = 6D96B80B2829E85600FAAA2F /* DesafioTabbar1Tests.swift */; };
		6D96B8162829E85700FAAA2F /* DesafioTabbar1UITests.swift in Sources */ = {isa = PBXBuildFile; fileRef = 6D96B8152829E85700FAAA2F /* DesafioTabbar1UITests.swift */; };
		6D96B8182829E85700FAAA2F /* DesafioTabbar1UITestsLaunchTests.swift in Sources */ = {isa = PBXBuildFile; fileRef = 6D96B8172829E85700FAAA2F /* DesafioTabbar1UITestsLaunchTests.swift */; };
		6D96B8252829EA1000FAAA2F /* SubtraiViewController.swift in Sources */ = {isa = PBXBuildFile; fileRef = 6D96B8242829EA1000FAAA2F /* SubtraiViewController.swift */; };
		6D96B8272829EA4500FAAA2F /* PessoasViewController.swift in Sources */ = {isa = PBXBuildFile; fileRef = 6D96B8262829EA4500FAAA2F /* PessoasViewController.swift */; };
		6D96B8292829F51C00FAAA2F /* Pessoa.swift in Sources */ = {isa = PBXBuildFile; fileRef = 6D96B8282829F51C00FAAA2F /* Pessoa.swift */; };
		6D96B82B2829F80A00FAAA2F /* DetalhesPessoaViewController.swift in Sources */ = {isa = PBXBuildFile; fileRef = 6D96B82A2829F80A00FAAA2F /* DetalhesPessoaViewController.swift */; };
/* End PBXBuildFile section */

/* Begin PBXContainerItemProxy section */
		6D96B8082829E85600FAAA2F /* PBXContainerItemProxy */ = {
			isa = PBXContainerItemProxy;
			containerPortal = 6D96B7E92829E85300FAAA2F /* Project object */;
			proxyType = 1;
			remoteGlobalIDString = 6D96B7F02829E85300FAAA2F;
			remoteInfo = DesafioTabbar1;
		};
		6D96B8122829E85600FAAA2F /* PBXContainerItemProxy */ = {
			isa = PBXContainerItemProxy;
			containerPortal = 6D96B7E92829E85300FAAA2F /* Project object */;
			proxyType = 1;
			remoteGlobalIDString = 6D96B7F02829E85300FAAA2F;
			remoteInfo = DesafioTabbar1;
		};
/* End PBXContainerItemProxy section */

/* Begin PBXFileReference section */
		6D96B7F12829E85300FAAA2F /* DesafioTabbar1.app */ = {isa = PBXFileReference; explicitFileType = wrapper.application; includeInIndex = 0; path = DesafioTabbar1.app; sourceTree = BUILT_PRODUCTS_DIR; };
		6D96B7F42829E85300FAAA2F /* AppDelegate.swift */ = {isa = PBXFileReference; lastKnownFileType = sourcecode.swift; path = AppDelegate.swift; sourceTree = "<group>"; };
		6D96B7F62829E85300FAAA2F /* SceneDelegate.swift */ = {isa = PBXFileReference; lastKnownFileType = sourcecode.swift; path = SceneDelegate.swift; sourceTree = "<group>"; };
		6D96B7F82829E85300FAAA2F /* SomaViewController.swift */ = {isa = PBXFileReference; lastKnownFileType = sourcecode.swift; path = SomaViewController.swift; sourceTree = "<group>"; };
		6D96B7FB2829E85300FAAA2F /* Base */ = {isa = PBXFileReference; lastKnownFileType = file.storyboard; name = Base; path = Base.lproj/Main.storyboard; sourceTree = "<group>"; };
		6D96B7FD2829E85600FAAA2F /* Assets.xcassets */ = {isa = PBXFileReference; lastKnownFileType = folder.assetcatalog; path = Assets.xcassets; sourceTree = "<group>"; };
		6D96B8002829E85600FAAA2F /* Base */ = {isa = PBXFileReference; lastKnownFileType = file.storyboard; name = Base; path = Base.lproj/LaunchScreen.storyboard; sourceTree = "<group>"; };
		6D96B8022829E85600FAAA2F /* Info.plist */ = {isa = PBXFileReference; lastKnownFileType = text.plist.xml; path = Info.plist; sourceTree = "<group>"; };
		6D96B8072829E85600FAAA2F /* DesafioTabbar1Tests.xctest */ = {isa = PBXFileReference; explicitFileType = wrapper.cfbundle; includeInIndex = 0; path = DesafioTabbar1Tests.xctest; sourceTree = BUILT_PRODUCTS_DIR; };
		6D96B80B2829E85600FAAA2F /* DesafioTabbar1Tests.swift */ = {isa = PBXFileReference; lastKnownFileType = sourcecode.swift; path = DesafioTabbar1Tests.swift; sourceTree = "<group>"; };
		6D96B8112829E85600FAAA2F /* DesafioTabbar1UITests.xctest */ = {isa = PBXFileReference; explicitFileType = wrapper.cfbundle; includeInIndex = 0; path = DesafioTabbar1UITests.xctest; sourceTree = BUILT_PRODUCTS_DIR; };
		6D96B8152829E85700FAAA2F /* DesafioTabbar1UITests.swift */ = {isa = PBXFileReference; lastKnownFileType = sourcecode.swift; path = DesafioTabbar1UITests.swift; sourceTree = "<group>"; };
		6D96B8172829E85700FAAA2F /* DesafioTabbar1UITestsLaunchTests.swift */ = {isa = PBXFileReference; lastKnownFileType = sourcecode.swift; path = DesafioTabbar1UITestsLaunchTests.swift; sourceTree = "<group>"; };
		6D96B8242829EA1000FAAA2F /* SubtraiViewController.swift */ = {isa = PBXFileReference; lastKnownFileType = sourcecode.swift; path = SubtraiViewController.swift; sourceTree = "<group>"; };
		6D96B8262829EA4500FAAA2F /* PessoasViewController.swift */ = {isa = PBXFileReference; lastKnownFileType = sourcecode.swift; path = PessoasViewController.swift; sourceTree = "<group>"; };
		6D96B8282829F51C00FAAA2F /* Pessoa.swift */ = {isa = PBXFileReference; lastKnownFileType = sourcecode.swift; path = Pessoa.swift; sourceTree = "<group>"; };
		6D96B82A2829F80A00FAAA2F /* DetalhesPessoaViewController.swift */ = {isa = PBXFileReference; lastKnownFileType = sourcecode.swift; path = DetalhesPessoaViewController.swift; sourceTree = "<group>"; };
/* End PBXFileReference section */

/* Begin PBXFrameworksBuildPhase section */
		6D96B7EE2829E85300FAAA2F /* Frameworks */ = {
			isa = PBXFrameworksBuildPhase;
			buildActionMask = 2147483647;
			files = (
			);
			runOnlyForDeploymentPostprocessing = 0;
		};
		6D96B8042829E85600FAAA2F /* Frameworks */ = {
			isa = PBXFrameworksBuildPhase;
			buildActionMask = 2147483647;
			files = (
			);
			runOnlyForDeploymentPostprocessing = 0;
		};
		6D96B80E2829E85600FAAA2F /* Frameworks */ = {
			isa = PBXFrameworksBuildPhase;
			buildActionMask = 2147483647;
			files = (
			);
			runOnlyForDeploymentPostprocessing = 0;
		};
/* End PBXFrameworksBuildPhase section */

/* Begin PBXGroup section */
		6D96B7E82829E85300FAAA2F = {
			isa = PBXGroup;
			children = (
				6D96B7F32829E85300FAAA2F /* DesafioTabbar1 */,
				6D96B80A2829E85600FAAA2F /* DesafioTabbar1Tests */,
				6D96B8142829E85700FAAA2F /* DesafioTabbar1UITests */,
				6D96B7F22829E85300FAAA2F /* Products */,
			);
			sourceTree = "<group>";
		};
		6D96B7F22829E85300FAAA2F /* Products */ = {
			isa = PBXGroup;
			children = (
				6D96B7F12829E85300FAAA2F /* DesafioTabbar1.app */,
				6D96B8072829E85600FAAA2F /* DesafioTabbar1Tests.xctest */,
				6D96B8112829E85600FAAA2F /* DesafioTabbar1UITests.xctest */,
			);
			name = Products;
			sourceTree = "<group>";
		};
		6D96B7F32829E85300FAAA2F /* DesafioTabbar1 */ = {
			isa = PBXGroup;
			children = (
				6D96B7F42829E85300FAAA2F /* AppDelegate.swift */,
				6D96B7F62829E85300FAAA2F /* SceneDelegate.swift */,
				6D96B7F82829E85300FAAA2F /* SomaViewController.swift */,
				6D96B7FA2829E85300FAAA2F /* Main.storyboard */,
				6D96B7FD2829E85600FAAA2F /* Assets.xcassets */,
				6D96B7FF2829E85600FAAA2F /* LaunchScreen.storyboard */,
				6D96B8022829E85600FAAA2F /* Info.plist */,
				6D96B8242829EA1000FAAA2F /* SubtraiViewController.swift */,
				6D96B8262829EA4500FAAA2F /* PessoasViewController.swift */,
				6D96B8282829F51C00FAAA2F /* Pessoa.swift */,
				6D96B82A2829F80A00FAAA2F /* DetalhesPessoaViewController.swift */,
			);
			path = DesafioTabbar1;
			sourceTree = "<group>";
		};
		6D96B80A2829E85600FAAA2F /* DesafioTabbar1Tests */ = {
			isa = PBXGroup;
			children = (
				6D96B80B2829E85600FAAA2F /* DesafioTabbar1Tests.swift */,
			);
			path = DesafioTabbar1Tests;
			sourceTree = "<group>";
		};
		6D96B8142829E85700FAAA2F /* DesafioTabbar1UITests */ = {
			isa = PBXGroup;
			children = (
				6D96B8152829E85700FAAA2F /* DesafioTabbar1UITests.swift */,
				6D96B8172829E85700FAAA2F /* DesafioTabbar1UITestsLaunchTests.swift */,
			);
			path = DesafioTabbar1UITests;
			sourceTree = "<group>";
		};
/* End PBXGroup section */

/* Begin PBXNativeTarget section */
		6D96B7F02829E85300FAAA2F /* DesafioTabbar1 */ = {
			isa = PBXNativeTarget;
			buildConfigurationList = 6D96B81B2829E85700FAAA2F /* Build configuration list for PBXNativeTarget "DesafioTabbar1" */;
			buildPhases = (
				6D96B7ED2829E85300FAAA2F /* Sources */,
				6D96B7EE2829E85300FAAA2F /* Frameworks */,
				6D96B7EF2829E85300FAAA2F /* Resources */,
			);
			buildRules = (
			);
			dependencies = (
			);
			name = DesafioTabbar1;
			productName = DesafioTabbar1;
			productReference = 6D96B7F12829E85300FAAA2F /* DesafioTabbar1.app */;
			productType = "com.apple.product-type.application";
		};
		6D96B8062829E85600FAAA2F /* DesafioTabbar1Tests */ = {
			isa = PBXNativeTarget;
			buildConfigurationList = 6D96B81E2829E85700FAAA2F /* Build configuration list for PBXNativeTarget "DesafioTabbar1Tests" */;
			buildPhases = (
				6D96B8032829E85600FAAA2F /* Sources */,
				6D96B8042829E85600FAAA2F /* Frameworks */,
				6D96B8052829E85600FAAA2F /* Resources */,
			);
			buildRules = (
			);
			dependencies = (
				6D96B8092829E85600FAAA2F /* PBXTargetDependency */,
			);
			name = DesafioTabbar1Tests;
			productName = DesafioTabbar1Tests;
			productReference = 6D96B8072829E85600FAAA2F /* DesafioTabbar1Tests.xctest */;
			productType = "com.apple.product-type.bundle.unit-test";
		};
		6D96B8102829E85600FAAA2F /* DesafioTabbar1UITests */ = {
			isa = PBXNativeTarget;
			buildConfigurationList = 6D96B8212829E85700FAAA2F /* Build configuration list for PBXNativeTarget "DesafioTabbar1UITests" */;
			buildPhases = (
				6D96B80D2829E85600FAAA2F /* Sources */,
				6D96B80E2829E85600FAAA2F /* Frameworks */,
				6D96B80F2829E85600FAAA2F /* Resources */,
			);
			buildRules = (
			);
			dependencies = (
				6D96B8132829E85600FAAA2F /* PBXTargetDependency */,
			);
			name = DesafioTabbar1UITests;
			productName = DesafioTabbar1UITests;
			productReference = 6D96B8112829E85600FAAA2F /* DesafioTabbar1UITests.xctest */;
			productType = "com.apple.product-type.bundle.ui-testing";
		};
/* End PBXNativeTarget section */

/* Begin PBXProject section */
		6D96B7E92829E85300FAAA2F /* Project object */ = {
			isa = PBXProject;
			attributes = {
				BuildIndependentTargetsInParallel = 1;
				LastSwiftUpdateCheck = 1330;
				LastUpgradeCheck = 1330;
				TargetAttributes = {
					6D96B7F02829E85300FAAA2F = {
						CreatedOnToolsVersion = 13.3.1;
					};
					6D96B8062829E85600FAAA2F = {
						CreatedOnToolsVersion = 13.3.1;
						TestTargetID = 6D96B7F02829E85300FAAA2F;
					};
					6D96B8102829E85600FAAA2F = {
						CreatedOnToolsVersion = 13.3.1;
						TestTargetID = 6D96B7F02829E85300FAAA2F;
					};
				};
			};
			buildConfigurationList = 6D96B7EC2829E85300FAAA2F /* Build configuration list for PBXProject "DesafioTabbar1" */;
			compatibilityVersion = "Xcode 13.0";
			developmentRegion = en;
			hasScannedForEncodings = 0;
			knownRegions = (
				en,
				Base,
			);
			mainGroup = 6D96B7E82829E85300FAAA2F;
			productRefGroup = 6D96B7F22829E85300FAAA2F /* Products */;
			projectDirPath = "";
			projectRoot = "";
			targets = (
				6D96B7F02829E85300FAAA2F /* DesafioTabbar1 */,
				6D96B8062829E85600FAAA2F /* DesafioTabbar1Tests */,
				6D96B8102829E85600FAAA2F /* DesafioTabbar1UITests */,
			);
		};
/* End PBXProject section */

/* Begin PBXResourcesBuildPhase section */
		6D96B7EF2829E85300FAAA2F /* Resources */ = {
			isa = PBXResourcesBuildPhase;
			buildActionMask = 2147483647;
			files = (
				6D96B8012829E85600FAAA2F /* LaunchScreen.storyboard in Resources */,
				6D96B7FE2829E85600FAAA2F /* Assets.xcassets in Resources */,
				6D96B7FC2829E85300FAAA2F /* Main.storyboard in Resources */,
			);
			runOnlyForDeploymentPostprocessing = 0;
		};
		6D96B8052829E85600FAAA2F /* Resources */ = {
			isa = PBXResourcesBuildPhase;
			buildActionMask = 2147483647;
			files = (
			);
			runOnlyForDeploymentPostprocessing = 0;
		};
		6D96B80F2829E85600FAAA2F /* Resources */ = {
			isa = PBXResourcesBuildPhase;
			buildActionMask = 2147483647;
			files = (
			);
			runOnlyForDeploymentPostprocessing = 0;
		};
/* End PBXResourcesBuildPhase section */

/* Begin PBXSourcesBuildPhase section */
		6D96B7ED2829E85300FAAA2F /* Sources */ = {
			isa = PBXSourcesBuildPhase;
			buildActionMask = 2147483647;
			files = (
				6D96B7F92829E85300FAAA2F /* SomaViewController.swift in Sources */,
				6D96B7F52829E85300FAAA2F /* AppDelegate.swift in Sources */,
				6D96B82B2829F80A00FAAA2F /* DetalhesPessoaViewController.swift in Sources */,
				6D96B8272829EA4500FAAA2F /* PessoasViewController.swift in Sources */,
				6D96B7F72829E85300FAAA2F /* SceneDelegate.swift in Sources */,
				6D96B8292829F51C00FAAA2F /* Pessoa.swift in Sources */,
				6D96B8252829EA1000FAAA2F /* SubtraiViewController.swift in Sources */,
			);
			runOnlyForDeploymentPostprocessing = 0;
		};
		6D96B8032829E85600FAAA2F /* Sources */ = {
			isa = PBXSourcesBuildPhase;
			buildActionMask = 2147483647;
			files = (
				6D96B80C2829E85600FAAA2F /* DesafioTabbar1Tests.swift in Sources */,
			);
			runOnlyForDeploymentPostprocessing = 0;
		};
		6D96B80D2829E85600FAAA2F /* Sources */ = {
			isa = PBXSourcesBuildPhase;
			buildActionMask = 2147483647;
			files = (
				6D96B8182829E85700FAAA2F /* DesafioTabbar1UITestsLaunchTests.swift in Sources */,
				6D96B8162829E85700FAAA2F /* DesafioTabbar1UITests.swift in Sources */,
			);
			runOnlyForDeploymentPostprocessing = 0;
		};
/* End PBXSourcesBuildPhase section */

/* Begin PBXTargetDependency section */
		6D96B8092829E85600FAAA2F /* PBXTargetDependency */ = {
			isa = PBXTargetDependency;
			target = 6D96B7F02829E85300FAAA2F /* DesafioTabbar1 */;
			targetProxy = 6D96B8082829E85600FAAA2F /* PBXContainerItemProxy */;
		};
		6D96B8132829E85600FAAA2F /* PBXTargetDependency */ = {
			isa = PBXTargetDependency;
			target = 6D96B7F02829E85300FAAA2F /* DesafioTabbar1 */;
			targetProxy = 6D96B8122829E85600FAAA2F /* PBXContainerItemProxy */;
		};
/* End PBXTargetDependency section */

/* Begin PBXVariantGroup section */
		6D96B7FA2829E85300FAAA2F /* Main.storyboard */ = {
			isa = PBXVariantGroup;
			children = (
				6D96B7FB2829E85300FAAA2F /* Base */,
			);
			name = Main.storyboard;
			sourceTree = "<group>";
		};
		6D96B7FF2829E85600FAAA2F /* LaunchScreen.storyboard */ = {
			isa = PBXVariantGroup;
			children = (
				6D96B8002829E85600FAAA2F /* Base */,
			);
			name = LaunchScreen.storyboard;
			sourceTree = "<group>";
		};
/* End PBXVariantGroup section */

/* Begin XCBuildConfiguration section */
		6D96B8192829E85700FAAA2F /* Debug */ = {
			isa = XCBuildConfiguration;
			buildSettings = {
				ALWAYS_SEARCH_USER_PATHS = NO;
				CLANG_ANALYZER_NONNULL = YES;
				CLANG_ANALYZER_NUMBER_OBJECT_CONVERSION = YES_AGGRESSIVE;
				CLANG_CXX_LANGUAGE_STANDARD = "gnu++17";
				CLANG_ENABLE_MODULES = YES;
				CLANG_ENABLE_OBJC_ARC = YES;
				CLANG_ENABLE_OBJC_WEAK = YES;
				CLANG_WARN_BLOCK_CAPTURE_AUTORELEASING = YES;
				CLANG_WARN_BOOL_CONVERSION = YES;
				CLANG_WARN_COMMA = YES;
				CLANG_WARN_CONSTANT_CONVERSION = YES;
				CLANG_WARN_DEPRECATED_OBJC_IMPLEMENTATIONS = YES;
				CLANG_WARN_DIRECT_OBJC_ISA_USAGE = YES_ERROR;
				CLANG_WARN_DOCUMENTATION_COMMENTS = YES;
				CLANG_WARN_EMPTY_BODY = YES;
				CLANG_WARN_ENUM_CONVERSION = YES;
				CLANG_WARN_INFINITE_RECURSION = YES;
				CLANG_WARN_INT_CONVERSION = YES;
				CLANG_WARN_NON_LITERAL_NULL_CONVERSION = YES;
				CLANG_WARN_OBJC_IMPLICIT_RETAIN_SELF = YES;
				CLANG_WARN_OBJC_LITERAL_CONVERSION = YES;
				CLANG_WARN_OBJC_ROOT_CLASS = YES_ERROR;
				CLANG_WARN_QUOTED_INCLUDE_IN_FRAMEWORK_HEADER = YES;
				CLANG_WARN_RANGE_LOOP_ANALYSIS = YES;
				CLANG_WARN_STRICT_PROTOTYPES = YES;
				CLANG_WARN_SUSPICIOUS_MOVE = YES;
				CLANG_WARN_UNGUARDED_AVAILABILITY = YES_AGGRESSIVE;
				CLANG_WARN_UNREACHABLE_CODE = YES;
				CLANG_WARN__DUPLICATE_METHOD_MATCH = YES;
				COPY_PHASE_STRIP = NO;
				DEBUG_INFORMATION_FORMAT = dwarf;
				ENABLE_STRICT_OBJC_MSGSEND = YES;
				ENABLE_TESTABILITY = YES;
				GCC_C_LANGUAGE_STANDARD = gnu11;
				GCC_DYNAMIC_NO_PIC = NO;
				GCC_NO_COMMON_BLOCKS = YES;
				GCC_OPTIMIZATION_LEVEL = 0;
				GCC_PREPROCESSOR_DEFINITIONS = (
					"DEBUG=1",
					"$(inherited)",
				);
				GCC_WARN_64_TO_32_BIT_CONVERSION = YES;
				GCC_WARN_ABOUT_RETURN_TYPE = YES_ERROR;
				GCC_WARN_UNDECLARED_SELECTOR = YES;
				GCC_WARN_UNINITIALIZED_AUTOS = YES_AGGRESSIVE;
				GCC_WARN_UNUSED_FUNCTION = YES;
				GCC_WARN_UNUSED_VARIABLE = YES;
				IPHONEOS_DEPLOYMENT_TARGET = 15.4;
				MTL_ENABLE_DEBUG_INFO = INCLUDE_SOURCE;
				MTL_FAST_MATH = YES;
				ONLY_ACTIVE_ARCH = YES;
				SDKROOT = iphoneos;
				SWIFT_ACTIVE_COMPILATION_CONDITIONS = DEBUG;
				SWIFT_OPTIMIZATION_LEVEL = "-Onone";
			};
			name = Debug;
		};
		6D96B81A2829E85700FAAA2F /* Release */ = {
			isa = XCBuildConfiguration;
			buildSettings = {
				ALWAYS_SEARCH_USER_PATHS = NO;
				CLANG_ANALYZER_NONNULL = YES;
				CLANG_ANALYZER_NUMBER_OBJECT_CONVERSION = YES_AGGRESSIVE;
				CLANG_CXX_LANGUAGE_STANDARD = "gnu++17";
				CLANG_ENABLE_MODULES = YES;
				CLANG_ENABLE_OBJC_ARC = YES;
				CLANG_ENABLE_OBJC_WEAK = YES;
				CLANG_WARN_BLOCK_CAPTURE_AUTORELEASING = YES;
				CLANG_WARN_BOOL_CONVERSION = YES;
				CLANG_WARN_COMMA = YES;
				CLANG_WARN_CONSTANT_CONVERSION = YES;
				CLANG_WARN_DEPRECATED_OBJC_IMPLEMENTATIONS = YES;
				CLANG_WARN_DIRECT_OBJC_ISA_USAGE = YES_ERROR;
				CLANG_WARN_DOCUMENTATION_COMMENTS = YES;
				CLANG_WARN_EMPTY_BODY = YES;
				CLANG_WARN_ENUM_CONVERSION = YES;
				CLANG_WARN_INFINITE_RECURSION = YES;
				CLANG_WARN_INT_CONVERSION = YES;
				CLANG_WARN_NON_LITERAL_NULL_CONVERSION = YES;
				CLANG_WARN_OBJC_IMPLICIT_RETAIN_SELF = YES;
				CLANG_WARN_OBJC_LITERAL_CONVERSION = YES;
				CLANG_WARN_OBJC_ROOT_CLASS = YES_ERROR;
				CLANG_WARN_QUOTED_INCLUDE_IN_FRAMEWORK_HEADER = YES;
				CLANG_WARN_RANGE_LOOP_ANALYSIS = YES;
				CLANG_WARN_STRICT_PROTOTYPES = YES;
				CLANG_WARN_SUSPICIOUS_MOVE = YES;
				CLANG_WARN_UNGUARDED_AVAILABILITY = YES_AGGRESSIVE;
				CLANG_WARN_UNREACHABLE_CODE = YES;
				CLANG_WARN__DUPLICATE_METHOD_MATCH = YES;
				COPY_PHASE_STRIP = NO;
				DEBUG_INFORMATION_FORMAT = "dwarf-with-dsym";
				ENABLE_NS_ASSERTIONS = NO;
				ENABLE_STRICT_OBJC_MSGSEND = YES;
				GCC_C_LANGUAGE_STANDARD = gnu11;
				GCC_NO_COMMON_BLOCKS = YES;
				GCC_WARN_64_TO_32_BIT_CONVERSION = YES;
				GCC_WARN_ABOUT_RETURN_TYPE = YES_ERROR;
				GCC_WARN_UNDECLARED_SELECTOR = YES;
				GCC_WARN_UNINITIALIZED_AUTOS = YES_AGGRESSIVE;
				GCC_WARN_UNUSED_FUNCTION = YES;
				GCC_WARN_UNUSED_VARIABLE = YES;
				IPHONEOS_DEPLOYMENT_TARGET = 15.4;
				MTL_ENABLE_DEBUG_INFO = NO;
				MTL_FAST_MATH = YES;
				SDKROOT = iphoneos;
				SWIFT_COMPILATION_MODE = wholemodule;
				SWIFT_OPTIMIZATION_LEVEL = "-O";
				VALIDATE_PRODUCT = YES;
			};
			name = Release;
		};
		6D96B81C2829E85700FAAA2F /* Debug */ = {
			isa = XCBuildConfiguration;
			buildSettings = {
				ASSETCATALOG_COMPILER_APPICON_NAME = AppIcon;
				ASSETCATALOG_COMPILER_GLOBAL_ACCENT_COLOR_NAME = AccentColor;
				CODE_SIGN_STYLE = Automatic;
				CURRENT_PROJECT_VERSION = 1;
				GENERATE_INFOPLIST_FILE = YES;
				INFOPLIST_FILE = DesafioTabbar1/Info.plist;
				INFOPLIST_KEY_UIApplicationSupportsIndirectInputEvents = YES;
				INFOPLIST_KEY_UILaunchStoryboardName = LaunchScreen;
				INFOPLIST_KEY_UIMainStoryboardFile = Main;
				INFOPLIST_KEY_UISupportedInterfaceOrientations_iPad = "UIInterfaceOrientationPortrait UIInterfaceOrientationPortraitUpsideDown UIInterfaceOrientationLandscapeLeft UIInterfaceOrientationLandscapeRight";
				INFOPLIST_KEY_UISupportedInterfaceOrientations_iPhone = "UIInterfaceOrientationPortrait UIInterfaceOrientationLandscapeLeft UIInterfaceOrientationLandscapeRight";
				LD_RUNPATH_SEARCH_PATHS = (
					"$(inherited)",
					"@executable_path/Frameworks",
				);
				MARKETING_VERSION = 1.0;
				PRODUCT_BUNDLE_IDENTIFIER = teste.DesafioTabbar1;
				PRODUCT_NAME = "$(TARGET_NAME)";
				SWIFT_EMIT_LOC_STRINGS = YES;
				SWIFT_VERSION = 5.0;
				TARGETED_DEVICE_FAMILY = "1,2";
			};
			name = Debug;
		};
		6D96B81D2829E85700FAAA2F /* Release */ = {
			isa = XCBuildConfiguration;
			buildSettings = {
				ASSETCATALOG_COMPILER_APPICON_NAME = AppIcon;
				ASSETCATALOG_COMPILER_GLOBAL_ACCENT_COLOR_NAME = AccentColor;
				CODE_SIGN_STYLE = Automatic;
				CURRENT_PROJECT_VERSION = 1;
				GENERATE_INFOPLIST_FILE = YES;
				INFOPLIST_FILE = DesafioTabbar1/Info.plist;
				INFOPLIST_KEY_UIApplicationSupportsIndirectInputEvents = YES;
				INFOPLIST_KEY_UILaunchStoryboardName = LaunchScreen;
				INFOPLIST_KEY_UIMainStoryboardFile = Main;
				INFOPLIST_KEY_UISupportedInterfaceOrientations_iPad = "UIInterfaceOrientationPortrait UIInterfaceOrientationPortraitUpsideDown UIInterfaceOrientationLandscapeLeft UIInterfaceOrientationLandscapeRight";
				INFOPLIST_KEY_UISupportedInterfaceOrientations_iPhone = "UIInterfaceOrientationPortrait UIInterfaceOrientationLandscapeLeft UIInterfaceOrientationLandscapeRight";
				LD_RUNPATH_SEARCH_PATHS = (
					"$(inherited)",
					"@executable_path/Frameworks",
				);
				MARKETING_VERSION = 1.0;
				PRODUCT_BUNDLE_IDENTIFIER = teste.DesafioTabbar1;
				PRODUCT_NAME = "$(TARGET_NAME)";
				SWIFT_EMIT_LOC_STRINGS = YES;
				SWIFT_VERSION = 5.0;
				TARGETED_DEVICE_FAMILY = "1,2";
			};
			name = Release;
		};
		6D96B81F2829E85700FAAA2F /* Debug */ = {
			isa = XCBuildConfiguration;
			buildSettings = {
				ALWAYS_EMBED_SWIFT_STANDARD_LIBRARIES = YES;
				BUNDLE_LOADER = "$(TEST_HOST)";
				CODE_SIGN_STYLE = Automatic;
				CURRENT_PROJECT_VERSION = 1;
				GENERATE_INFOPLIST_FILE = YES;
				IPHONEOS_DEPLOYMENT_TARGET = 15.4;
				MARKETING_VERSION = 1.0;
				PRODUCT_BUNDLE_IDENTIFIER = teste.DesafioTabbar1Tests;
				PRODUCT_NAME = "$(TARGET_NAME)";
				SWIFT_EMIT_LOC_STRINGS = NO;
				SWIFT_VERSION = 5.0;
				TARGETED_DEVICE_FAMILY = "1,2";
				TEST_HOST = "$(BUILT_PRODUCTS_DIR)/DesafioTabbar1.app/DesafioTabbar1";
			};
			name = Debug;
		};
		6D96B8202829E85700FAAA2F /* Release */ = {
			isa = XCBuildConfiguration;
			buildSettings = {
				ALWAYS_EMBED_SWIFT_STANDARD_LIBRARIES = YES;
				BUNDLE_LOADER = "$(TEST_HOST)";
				CODE_SIGN_STYLE = Automatic;
				CURRENT_PROJECT_VERSION = 1;
				GENERATE_INFOPLIST_FILE = YES;
				IPHONEOS_DEPLOYMENT_TARGET = 15.4;
				MARKETING_VERSION = 1.0;
				PRODUCT_BUNDLE_IDENTIFIER = teste.DesafioTabbar1Tests;
				PRODUCT_NAME = "$(TARGET_NAME)";
				SWIFT_EMIT_LOC_STRINGS = NO;
				SWIFT_VERSION = 5.0;
				TARGETED_DEVICE_FAMILY = "1,2";
				TEST_HOST = "$(BUILT_PRODUCTS_DIR)/DesafioTabbar1.app/DesafioTabbar1";
			};
			name = Release;
		};
		6D96B8222829E85700FAAA2F /* Debug */ = {
			isa = XCBuildConfiguration;
			buildSettings = {
				ALWAYS_EMBED_SWIFT_STANDARD_LIBRARIES = YES;
				CODE_SIGN_STYLE = Automatic;
				CURRENT_PROJECT_VERSION = 1;
				GENERATE_INFOPLIST_FILE = YES;
				MARKETING_VERSION = 1.0;
				PRODUCT_BUNDLE_IDENTIFIER = teste.DesafioTabbar1UITests;
				PRODUCT_NAME = "$(TARGET_NAME)";
				SWIFT_EMIT_LOC_STRINGS = NO;
				SWIFT_VERSION = 5.0;
				TARGETED_DEVICE_FAMILY = "1,2";
				TEST_TARGET_NAME = DesafioTabbar1;
			};
			name = Debug;
		};
		6D96B8232829E85700FAAA2F /* Release */ = {
			isa = XCBuildConfiguration;
			buildSettings = {
				ALWAYS_EMBED_SWIFT_STANDARD_LIBRARIES = YES;
				CODE_SIGN_STYLE = Automatic;
				CURRENT_PROJECT_VERSION = 1;
				GENERATE_INFOPLIST_FILE = YES;
				MARKETING_VERSION = 1.0;
				PRODUCT_BUNDLE_IDENTIFIER = teste.DesafioTabbar1UITests;
				PRODUCT_NAME = "$(TARGET_NAME)";
				SWIFT_EMIT_LOC_STRINGS = NO;
				SWIFT_VERSION = 5.0;
				TARGETED_DEVICE_FAMILY = "1,2";
				TEST_TARGET_NAME = DesafioTabbar1;
			};
			name = Release;
		};
/* End XCBuildConfiguration section */

/* Begin XCConfigurationList section */
		6D96B7EC2829E85300FAAA2F /* Build configuration list for PBXProject "DesafioTabbar1" */ = {
			isa = XCConfigurationList;
			buildConfigurations = (
				6D96B8192829E85700FAAA2F /* Debug */,
				6D96B81A2829E85700FAAA2F /* Release */,
			);
			defaultConfigurationIsVisible = 0;
			defaultConfigurationName = Release;
		};
		6D96B81B2829E85700FAAA2F /* Build configuration list for PBXNativeTarget "DesafioTabbar1" */ = {
			isa = XCConfigurationList;
			buildConfigurations = (
				6D96B81C2829E85700FAAA2F /* Debug */,
				6D96B81D2829E85700FAAA2F /* Release */,
			);
			defaultConfigurationIsVisible = 0;
			defaultConfigurationName = Release;
		};
		6D96B81E2829E85700FAAA2F /* Build configuration list for PBXNativeTarget "DesafioTabbar1Tests" */ = {
			isa = XCConfigurationList;
			buildConfigurations = (
				6D96B81F2829E85700FAAA2F /* Debug */,
				6D96B8202829E85700FAAA2F /* Release */,
			);
			defaultConfigurationIsVisible = 0;
			defaultConfigurationName = Release;
		};
		6D96B8212829E85700FAAA2F /* Build configuration list for PBXNativeTarget "DesafioTabbar1UITests" */ = {
			isa = XCConfigurationList;
			buildConfigurations = (
				6D96B8222829E85700FAAA2F /* Debug */,
				6D96B8232829E85700FAAA2F /* Release */,
			);
			defaultConfigurationIsVisible = 0;
			defaultConfigurationName = Release;
		};
/* End XCConfigurationList section */
	};
	rootObject = 6D96B7E92829E85300FAAA2F /* Project object */;
}
